// !$*UTF8*$!
{
	archiveVersion = 1;
	classes = {
	};
	objectVersion = 46;
	objects = {

/* Begin PBXBuildFile section */
		5DF388661CEEC11600EC633C /* AppDelegate.swift in Sources */ = {isa = PBXBuildFile; fileRef = 5DF388651CEEC11600EC633C /* AppDelegate.swift */; };
		5DF388681CEEC11600EC633C /* ViewController.swift in Sources */ = {isa = PBXBuildFile; fileRef = 5DF388671CEEC11600EC633C /* ViewController.swift */; };
		5DF3886B1CEEC11600EC633C /* Main.storyboard in Resources */ = {isa = PBXBuildFile; fileRef = 5DF388691CEEC11600EC633C /* Main.storyboard */; };
		5DF3886D1CEEC11600EC633C /* Assets.xcassets in Resources */ = {isa = PBXBuildFile; fileRef = 5DF3886C1CEEC11600EC633C /* Assets.xcassets */; };
		5DF388701CEEC11600EC633C /* LaunchScreen.storyboard in Resources */ = {isa = PBXBuildFile; fileRef = 5DF3886E1CEEC11600EC633C /* LaunchScreen.storyboard */; };
/* End PBXBuildFile section */

/* Begin PBXFileReference section */
		5DF388621CEEC11600EC633C /* testHideNavBar.app */ = {isa = PBXFileReference; explicitFileType = wrapper.application; includeInIndex = 0; path = testHideNavBar.app; sourceTree = BUILT_PRODUCTS_DIR; };
		5DF388651CEEC11600EC633C /* AppDelegate.swift */ = {isa = PBXFileReference; lastKnownFileType = sourcecode.swift; path = AppDelegate.swift; sourceTree = "<group>"; };
		5DF388671CEEC11600EC633C /* ViewController.swift */ = {isa = PBXFileReference; lastKnownFileType = sourcecode.swift; path = ViewController.swift; sourceTree = "<group>"; };
		5DF3886A1CEEC11600EC633C /* Base */ = {isa = PBXFileReference; lastKnownFileType = file.storyboard; name = Base; path = Base.lproj/Main.storyboard; sourceTree = "<group>"; };
		5DF3886C1CEEC11600EC633C /* Assets.xcassets */ = {isa = PBXFileReference; lastKnownFileType = folder.assetcatalog; path = Assets.xcassets; sourceTree = "<group>"; };
		5DF3886F1CEEC11600EC633C /* Base */ = {isa = PBXFileReference; lastKnownFileType = file.storyboard; name = Base; path = Base.lproj/LaunchScreen.storyboard; sourceTree = "<group>"; };
		5DF388711CEEC11600EC633C /* Info.plist */ = {isa = PBXFileReference; lastKnownFileType = text.plist.xml; path = Info.plist; sourceTree = "<group>"; };
/* End PBXFileReference section */

/* Begin PBXFrameworksBuildPhase section */
		5DF3885F1CEEC11600EC633C /* Frameworks */ = {
			isa = PBXFrameworksBuildPhase;
			buildActionMask = 2147483647;
			files = (
			);
			runOnlyForDeploymentPostprocessing = 0;
		};
/* End PBXFrameworksBuildPhase section */

/* Begin PBXGroup section */
		5DF388591CEEC11600EC633C = {
			isa = PBXGroup;
			children = (
				5DF388641CEEC11600EC633C /* testHideNavBar */,
				5DF388631CEEC11600EC633C /* Products */,
			);
			sourceTree = "<group>";
		};
		5DF388631CEEC11600EC633C /* Products */ = {
			isa = PBXGroup;
			children = (
				5DF388621CEEC11600EC633C /* testHideNavBar.app */,
			);
			name = Products;
			sourceTree = "<group>";
		};
		5DF388641CEEC11600EC633C /* testHideNavBar */ = {
			isa = PBXGroup;
			children = (
				5DF388651CEEC11600EC633C /* AppDelegate.swift */,
				5DF388671CEEC11600EC633C /* ViewController.swift */,
				5DF388691CEEC11600EC633C /* Main.storyboard */,
				5DF3886C1CEEC11600EC633C /* Assets.xcassets */,
				5DF3886E1CEEC11600EC633C /* LaunchScreen.storyboard */,
				5DF388711CEEC11600EC633C /* Info.plist */,
			);
			path = testHideNavBar;
			sourceTree = "<group>";
		};
/* End PBXGroup section */

/* Begin PBXNativeTarget section */
		5DF388611CEEC11600EC633C /* testHideNavBar */ = {
			isa = PBXNativeTarget;
			buildConfigurationList = 5DF388741CEEC11600EC633C /* Build configuration list for PBXNativeTarget "testHideNavBar" */;
			buildPhases = (
				5DF3885E1CEEC11600EC633C /* Sources */,
				5DF3885F1CEEC11600EC633C /* Frameworks */,
				5DF388601CEEC11600EC633C /* Resources */,
			);
			buildRules = (
			);
			dependencies = (
			);
			name = testHideNavBar;
			productName = testHideNavBar;
			productReference = 5DF388621CEEC11600EC633C /* testHideNavBar.app */;
			productType = "com.apple.product-type.application";
		};
/* End PBXNativeTarget section */

/* Begin PBXProject section */
		5DF3885A1CEEC11600EC633C /* Project object */ = {
			isa = PBXProject;
			attributes = {
				LastSwiftUpdateCheck = 0730;
				LastUpgradeCheck = 0730;
				ORGANIZATIONNAME = incinemas;
				TargetAttributes = {
					5DF388611CEEC11600EC633C = {
						CreatedOnToolsVersion = 7.3.1;
					};
				};
			};
			buildConfigurationList = 5DF3885D1CEEC11600EC633C /* Build configuration list for PBXProject "testHideNavBar" */;
			compatibilityVersion = "Xcode 3.2";
			developmentRegion = English;
			hasScannedForEncodings = 0;
			knownRegions = (
				en,
				Base,
			);
			mainGroup = 5DF388591CEEC11600EC633C;
			productRefGroup = 5DF388631CEEC11600EC633C /* Products */;
			projectDirPath = "";
			projectRoot = "";
			targets = (
				5DF388611CEEC11600EC633C /* testHideNavBar */,
			);
		};
/* End PBXProject section */

/* Begin PBXResourcesBuildPhase section */
		5DF388601CEEC11600EC633C /* Resources */ = {
			isa = PBXResourcesBuildPhase;
			buildActionMask = 2147483647;
			files = (
				5DF388701CEEC11600EC633C /* LaunchScreen.storyboard in Resources */,
				5DF3886D1CEEC11600EC633C /* Assets.xcassets in Resources */,
				5DF3886B1CEEC11600EC633C /* Main.storyboard in Resources */,
			);
			runOnlyForDeploymentPostprocessing = 0;
		};
/* End PBXResourcesBuildPhase section */

/* Begin PBXSourcesBuildPhase section */
		5DF3885E1CEEC11600EC633C /* Sources */ = {
			isa = PBXSourcesBuildPhase;
			buildActionMask = 2147483647;
			files = (
				5DF388681CEEC11600EC633C /* ViewController.swift in Sources */,
				5DF388661CEEC11600EC633C /* AppDelegate.swift in Sources */,
			);
			runOnlyForDeploymentPostprocessing = 0;
		};
/* End PBXSourcesBuildPhase section */

/* Begin PBXVariantGroup section */
		5DF388691CEEC11600EC633C /* Main.storyboard */ = {
			isa = PBXVariantGroup;
			children = (
				5DF3886A1CEEC11600EC633C /* Base */,
			);
			name = Main.storyboard;
			sourceTree = "<group>";
		};
		5DF3886E1CEEC11600EC633C /* LaunchScreen.storyboard */ = {
			isa = PBXVariantGroup;
			children = (
				5DF3886F1CEEC11600EC633C /* Base */,
			);
			name = LaunchScreen.storyboard;
			sourceTree = "<group>";
		};
/* End PBXVariantGroup section */

/* Begin XCBuildConfiguration section */
		5DF388721CEEC11600EC633C /* Debug */ = {
			isa = XCBuildConfiguration;
			buildSettings = {
				ALWAYS_SEARCH_USER_PATHS = NO;
				CLANG_ANALYZER_NONNULL = YES;
				CLANG_CXX_LANGUAGE_STANDARD = "gnu++0x";
				CLANG_CXX_LIBRARY = "libc++";
				CLANG_ENABLE_MODULES = YES;
				CLANG_ENABLE_OBJC_ARC = YES;
				CLANG_WARN_BOOL_CONVERSION = YES;
				CLANG_WARN_CONSTANT_CONVERSION = YES;
				CLANG_WARN_DIRECT_OBJC_ISA_USAGE = YES_ERROR;
				CLANG_WARN_EMPTY_BODY = YES;
				CLANG_WARN_ENUM_CONVERSION = YES;
				CLANG_WARN_INT_CONVERSION = YES;
				CLANG_WARN_OBJC_ROOT_CLASS = YES_ERROR;
				CLANG_WARN_UNREACHABLE_CODE = YES;
				CLANG_WARN__DUPLICATE_METHOD_MATCH = YES;
				"CODE_SIGN_IDENTITY[sdk=iphoneos*]" = "iPhone Developer";
				COPY_PHASE_STRIP = NO;
				DEBUG_INFORMATION_FORMAT = dwarf;
				ENABLE_STRICT_OBJC_MSGSEND = YES;
				ENABLE_TESTABILITY = YES;
				GCC_C_LANGUAGE_STANDARD = gnu99;
				GCC_DYNAMIC_NO_PIC = NO;
				GCC_NO_COMMON_BLOCKS = YES;
				GCC_OPTIMIZATION_LEVEL = 0;
				GCC_PREPROCESSOR_DEFINITIONS = (
					"DEBUG=1",
					"$(inherited)",
				);
				GCC_WARN_64_TO_32_BIT_CONVERSION = YES;
				GCC_WARN_ABOUT_RETURN_TYPE = YES_ERROR;
				GCC_WARN_UNDECLARED_SELECTOR = YES;
				GCC_WARN_UNINITIALIZED_AUTOS = YES_AGGRESSIVE;
				GCC_WARN_UNUSED_FUNCTION = YES;
				GCC_WARN_UNUSED_VARIABLE = YES;
				IPHONEOS_DEPLOYMENT_TARGET = 9.3;
				MTL_ENABLE_DEBUG_INFO = YES;
				ONLY_ACTIVE_ARCH = YES;
				SDKROOT = iphoneos;
				SWIFT_OPTIMIZATION_LEVEL = "-Onone";
			};
			name = Debug;
		};
		5DF388731CEEC11600EC633C /* Release */ = {
			isa = XCBuildConfiguration;
			buildSettings = {
				ALWAYS_SEARCH_USER_PATHS = NO;
				CLANG_ANALYZER_NONNULL = YES;
				CLANG_CXX_LANGUAGE_STANDARD = "gnu++0x";
				CLANG_CXX_LIBRARY = "libc++";
				CLANG_ENABLE_MODULES = YES;
				CLANG_ENABLE_OBJC_ARC = YES;
				CLANG_WARN_BOOL_CONVERSION = YES;
				CLANG_WARN_CONSTANT_CONVERSION = YES;
				CLANG_WARN_DIRECT_OBJC_ISA_USAGE = YES_ERROR;
				CLANG_WARN_EMPTY_BODY = YES;
				CLANG_WARN_ENUM_CONVERSION = YES;
				CLANG_WARN_INT_CONVERSION = YES;
				CLANG_WARN_OBJC_ROOT_CLASS = YES_ERROR;
				CLANG_WARN_UNREACHABLE_CODE = YES;
				CLANG_WARN__DUPLICATE_METHOD_MATCH = YES;
				"CODE_SIGN_IDENTITY[sdk=iphoneos*]" = "iPhone Developer";
				COPY_PHASE_STRIP = NO;
				DEBUG_INFORMATION_FORMAT = "dwarf-with-dsym";
				ENABLE_NS_ASSERTIONS = NO;
				ENABLE_STRICT_OBJC_MSGSEND = YES;
				GCC_C_LANGUAGE_STANDARD = gnu99;
				GCC_NO_COMMON_BLOCKS = YES;
				GCC_WARN_64_TO_32_BIT_CONVERSION = YES;
				GCC_WARN_ABOUT_RETURN_TYPE = YES_ERROR;
				GCC_WARN_UNDECLARED_SELECTOR = YES;
				GCC_WARN_UNINITIALIZED_AUTOS = YES_AGGRESSIVE;
				GCC_WARN_UNUSED_FUNCTION = YES;
				GCC_WARN_UNUSED_VARIABLE = YES;
				IPHONEOS_DEPLOYMENT_TARGET = 9.3;
				MTL_ENABLE_DEBUG_INFO = NO;
				SDKROOT = iphoneos;
				VALIDATE_PRODUCT = YES;
			};
			name = Release;
		};
		5DF388751CEEC11600EC633C /* Debug */ = {
			isa = XCBuildConfiguration;
			buildSettings = {
				ASSETCATALOG_COMPILER_APPICON_NAME = AppIcon;
				INFOPLIST_FILE = testHideNavBar/Info.plist;
				LD_RUNPATH_SEARCH_PATHS = "$(inherited) @executable_path/Frameworks";
				PRODUCT_BUNDLE_IDENTIFIER = com.incinemas.testHideNavBar;
				PRODUCT_NAME = "$(TARGET_NAME)";
			};
			name = Debug;
		};
		5DF388761CEEC11600EC633C /* Release */ = {
			isa = XCBuildConfiguration;
			buildSettings = {
				ASSETCATALOG_COMPILER_APPICON_NAME = AppIcon;
				INFOPLIST_FILE = testHideNavBar/Info.plist;
				LD_RUNPATH_SEARCH_PATHS = "$(inherited) @executable_path/Frameworks";
				PRODUCT_BUNDLE_IDENTIFIER = com.incinemas.testHideNavBar;
				PRODUCT_NAME = "$(TARGET_NAME)";
			};
			name = Release;
		};
/* End XCBuildConfiguration section */

/* Begin XCConfigurationList section */
		5DF3885D1CEEC11600EC633C /* Build configuration list for PBXProject "testHideNavBar" */ = {
			isa = XCConfigurationList;
			buildConfigurations = (
				5DF388721CEEC11600EC633C /* Debug */,
				5DF388731CEEC11600EC633C /* Release */,
			);
			defaultConfigurationIsVisible = 0;
			defaultConfigurationName = Release;
		};
		5DF388741CEEC11600EC633C /* Build configuration list for PBXNativeTarget "testHideNavBar" */ = {
			isa = XCConfigurationList;
			buildConfigurations = (
				5DF388751CEEC11600EC633C /* Debug */,
				5DF388761CEEC11600EC633C /* Release */,
			);
			defaultConfigurationIsVisible = 0;
		};
/* End XCConfigurationList section */
	};
	rootObject = 5DF3885A1CEEC11600EC633C /* Project object */;
}
